// !$*UTF8*$!
{
	archiveVersion = 1;
	classes = {
	};
	objectVersion = 51;
	objects = {

/* Begin PBXBuildFile section */
		47A5EEEC25FFA87E002E9A90 /* Montserrat-Regular.ttf in Resources */ = {isa = PBXBuildFile; fileRef = 47A5EEEA25FFA853002E9A90 /* Montserrat-Regular.ttf */; };
		47A5EEF125FFB352002E9A90 /* UIView+RoundedCorners.swift in Sources */ = {isa = PBXBuildFile; fileRef = 47A5EEF025FFB352002E9A90 /* UIView+RoundedCorners.swift */; };
		47A5EEF425FFB461002E9A90 /* GameViewController.swift in Sources */ = {isa = PBXBuildFile; fileRef = 47A5EEF325FFB461002E9A90 /* GameViewController.swift */; };
		47ABC68525F0A3400004CC54 /* AppDelegate.swift in Sources */ = {isa = PBXBuildFile; fileRef = 47ABC68425F0A3400004CC54 /* AppDelegate.swift */; };
		47ABC68725F0A3400004CC54 /* SceneDelegate.swift in Sources */ = {isa = PBXBuildFile; fileRef = 47ABC68625F0A3400004CC54 /* SceneDelegate.swift */; };
		47ABC68925F0A3410004CC54 /* StartPageViewController.swift in Sources */ = {isa = PBXBuildFile; fileRef = 47ABC68825F0A3410004CC54 /* StartPageViewController.swift */; };
		47ABC68E25F0A3450004CC54 /* Assets.xcassets in Resources */ = {isa = PBXBuildFile; fileRef = 47ABC68D25F0A3450004CC54 /* Assets.xcassets */; };
		47ABC69125F0A3450004CC54 /* LaunchScreen.storyboard in Resources */ = {isa = PBXBuildFile; fileRef = 47ABC68F25F0A3450004CC54 /* LaunchScreen.storyboard */; };
		6613C8886ACA5A20A330FE21 /* Pods_SpaceInvaders.framework in Frameworks */ = {isa = PBXBuildFile; fileRef = 90589B86DDD6E57B8E763FB9 /* Pods_SpaceInvaders.framework */; };
/* End PBXBuildFile section */

/* Begin PBXFileReference section */
		1CA861C10EA92A461297025E /* Pods-SpaceInvaders.debug.xcconfig */ = {isa = PBXFileReference; includeInIndex = 1; lastKnownFileType = text.xcconfig; name = "Pods-SpaceInvaders.debug.xcconfig"; path = "Target Support Files/Pods-SpaceInvaders/Pods-SpaceInvaders.debug.xcconfig"; sourceTree = "<group>"; };
		47A5EEEA25FFA853002E9A90 /* Montserrat-Regular.ttf */ = {isa = PBXFileReference; lastKnownFileType = file; path = "Montserrat-Regular.ttf"; sourceTree = "<group>"; };
		47A5EEF025FFB352002E9A90 /* UIView+RoundedCorners.swift */ = {isa = PBXFileReference; fileEncoding = 4; lastKnownFileType = sourcecode.swift; path = "UIView+RoundedCorners.swift"; sourceTree = "<group>"; };
		47A5EEF325FFB461002E9A90 /* GameViewController.swift */ = {isa = PBXFileReference; lastKnownFileType = sourcecode.swift; path = GameViewController.swift; sourceTree = "<group>"; };
		47ABC68125F0A3400004CC54 /* SpaceInvaders.app */ = {isa = PBXFileReference; explicitFileType = wrapper.application; includeInIndex = 0; path = SpaceInvaders.app; sourceTree = BUILT_PRODUCTS_DIR; };
		47ABC68425F0A3400004CC54 /* AppDelegate.swift */ = {isa = PBXFileReference; lastKnownFileType = sourcecode.swift; path = AppDelegate.swift; sourceTree = "<group>"; };
		47ABC68625F0A3400004CC54 /* SceneDelegate.swift */ = {isa = PBXFileReference; lastKnownFileType = sourcecode.swift; path = SceneDelegate.swift; sourceTree = "<group>"; };
		47ABC68825F0A3410004CC54 /* StartPageViewController.swift */ = {isa = PBXFileReference; lastKnownFileType = sourcecode.swift; path = StartPageViewController.swift; sourceTree = "<group>"; };
		47ABC68D25F0A3450004CC54 /* Assets.xcassets */ = {isa = PBXFileReference; lastKnownFileType = folder.assetcatalog; path = Assets.xcassets; sourceTree = "<group>"; };
		47ABC69025F0A3450004CC54 /* Base */ = {isa = PBXFileReference; lastKnownFileType = file.storyboard; name = Base; path = Base.lproj/LaunchScreen.storyboard; sourceTree = "<group>"; };
		47ABC69225F0A3450004CC54 /* Info.plist */ = {isa = PBXFileReference; lastKnownFileType = text.plist.xml; path = Info.plist; sourceTree = "<group>"; };
		7074D78200A75B4BF24AE7B4 /* Pods-SpaceInvaders.release.xcconfig */ = {isa = PBXFileReference; includeInIndex = 1; lastKnownFileType = text.xcconfig; name = "Pods-SpaceInvaders.release.xcconfig"; path = "Target Support Files/Pods-SpaceInvaders/Pods-SpaceInvaders.release.xcconfig"; sourceTree = "<group>"; };
		90589B86DDD6E57B8E763FB9 /* Pods_SpaceInvaders.framework */ = {isa = PBXFileReference; explicitFileType = wrapper.framework; includeInIndex = 0; path = Pods_SpaceInvaders.framework; sourceTree = BUILT_PRODUCTS_DIR; };
/* End PBXFileReference section */

/* Begin PBXFrameworksBuildPhase section */
		47ABC67E25F0A3400004CC54 /* Frameworks */ = {
			isa = PBXFrameworksBuildPhase;
			buildActionMask = 2147483647;
			files = (
				6613C8886ACA5A20A330FE21 /* Pods_SpaceInvaders.framework in Frameworks */,
			);
			runOnlyForDeploymentPostprocessing = 0;
		};
/* End PBXFrameworksBuildPhase section */

/* Begin PBXGroup section */
		0976D48F45196C8BC5C77748 /* Pods */ = {
			isa = PBXGroup;
			children = (
				1CA861C10EA92A461297025E /* Pods-SpaceInvaders.debug.xcconfig */,
				7074D78200A75B4BF24AE7B4 /* Pods-SpaceInvaders.release.xcconfig */,
			);
			path = Pods;
			sourceTree = "<group>";
		};
		47A5EEEE25FFA883002E9A90 /* Fonts */ = {
			isa = PBXGroup;
			children = (
				47A5EEEA25FFA853002E9A90 /* Montserrat-Regular.ttf */,
			);
			path = Fonts;
			sourceTree = "<group>";
		};
		47ABC67825F0A3400004CC54 = {
			isa = PBXGroup;
			children = (
				47ABC68325F0A3400004CC54 /* SpaceInvaders */,
				47ABC68225F0A3400004CC54 /* Products */,
				0976D48F45196C8BC5C77748 /* Pods */,
				B9AD3291D767C9BA5AE80E6A /* Frameworks */,
			);
			sourceTree = "<group>";
		};
		47ABC68225F0A3400004CC54 /* Products */ = {
			isa = PBXGroup;
			children = (
				47ABC68125F0A3400004CC54 /* SpaceInvaders.app */,
			);
			name = Products;
			sourceTree = "<group>";
		};
		47ABC68325F0A3400004CC54 /* SpaceInvaders */ = {
			isa = PBXGroup;
			children = (
				47ABC68425F0A3400004CC54 /* AppDelegate.swift */,
				47ABC68625F0A3400004CC54 /* SceneDelegate.swift */,
				47A5EEEE25FFA883002E9A90 /* Fonts */,
				47ABC68825F0A3410004CC54 /* StartPageViewController.swift */,
				47A5EEF325FFB461002E9A90 /* GameViewController.swift */,
				47ABC68D25F0A3450004CC54 /* Assets.xcassets */,
				47ABC68F25F0A3450004CC54 /* LaunchScreen.storyboard */,
				47A5EEF025FFB352002E9A90 /* UIView+RoundedCorners.swift */,
				47ABC69225F0A3450004CC54 /* Info.plist */,
			);
			path = SpaceInvaders;
			sourceTree = "<group>";
		};
		B9AD3291D767C9BA5AE80E6A /* Frameworks */ = {
			isa = PBXGroup;
			children = (
				90589B86DDD6E57B8E763FB9 /* Pods_SpaceInvaders.framework */,
			);
			name = Frameworks;
			sourceTree = "<group>";
		};
/* End PBXGroup section */

/* Begin PBXNativeTarget section */
		47ABC68025F0A3400004CC54 /* SpaceInvaders */ = {
			isa = PBXNativeTarget;
			buildConfigurationList = 47ABC69525F0A3460004CC54 /* Build configuration list for PBXNativeTarget "SpaceInvaders" */;
			buildPhases = (
				CB28A410AFA531204C2234EE /* [CP] Check Pods Manifest.lock */,
				47ABC67D25F0A3400004CC54 /* Sources */,
				47ABC67E25F0A3400004CC54 /* Frameworks */,
				47ABC67F25F0A3400004CC54 /* Resources */,
				8E5878882EAF95CD1CA098F7 /* [CP] Embed Pods Frameworks */,
			);
			buildRules = (
			);
			dependencies = (
			);
			name = SpaceInvaders;
			productName = SpaceInvaders;
			productReference = 47ABC68125F0A3400004CC54 /* SpaceInvaders.app */;
			productType = "com.apple.product-type.application";
		};
/* End PBXNativeTarget section */

/* Begin PBXProject section */
		47ABC67925F0A3400004CC54 /* Project object */ = {
			isa = PBXProject;
			attributes = {
				LastSwiftUpdateCheck = 1240;
				LastUpgradeCheck = 1240;
				TargetAttributes = {
					47ABC68025F0A3400004CC54 = {
						CreatedOnToolsVersion = 12.4;
					};
				};
			};
			buildConfigurationList = 47ABC67C25F0A3400004CC54 /* Build configuration list for PBXProject "SpaceInvaders" */;
			compatibilityVersion = "Xcode 9.3";
			developmentRegion = en;
			hasScannedForEncodings = 0;
			knownRegions = (
				en,
				Base,
			);
			mainGroup = 47ABC67825F0A3400004CC54;
			productRefGroup = 47ABC68225F0A3400004CC54 /* Products */;
			projectDirPath = "";
			projectRoot = "";
			targets = (
				47ABC68025F0A3400004CC54 /* SpaceInvaders */,
			);
		};
/* End PBXProject section */

/* Begin PBXResourcesBuildPhase section */
		47ABC67F25F0A3400004CC54 /* Resources */ = {
			isa = PBXResourcesBuildPhase;
			buildActionMask = 2147483647;
			files = (
				47A5EEEC25FFA87E002E9A90 /* Montserrat-Regular.ttf in Resources */,
				47ABC69125F0A3450004CC54 /* LaunchScreen.storyboard in Resources */,
				47ABC68E25F0A3450004CC54 /* Assets.xcassets in Resources */,
			);
			runOnlyForDeploymentPostprocessing = 0;
		};
/* End PBXResourcesBuildPhase section */

/* Begin PBXShellScriptBuildPhase section */
		8E5878882EAF95CD1CA098F7 /* [CP] Embed Pods Frameworks */ = {
			isa = PBXShellScriptBuildPhase;
			buildActionMask = 2147483647;
			files = (
			);
			inputFileListPaths = (
				"${PODS_ROOT}/Target Support Files/Pods-SpaceInvaders/Pods-SpaceInvaders-frameworks-${CONFIGURATION}-input-files.xcfilelist",
			);
			name = "[CP] Embed Pods Frameworks";
			outputFileListPaths = (
				"${PODS_ROOT}/Target Support Files/Pods-SpaceInvaders/Pods-SpaceInvaders-frameworks-${CONFIGURATION}-output-files.xcfilelist",
			);
			runOnlyForDeploymentPostprocessing = 0;
			shellPath = /bin/sh;
			shellScript = "\"${PODS_ROOT}/Target Support Files/Pods-SpaceInvaders/Pods-SpaceInvaders-frameworks.sh\"\n";
			showEnvVarsInLog = 0;
		};
		CB28A410AFA531204C2234EE /* [CP] Check Pods Manifest.lock */ = {
			isa = PBXShellScriptBuildPhase;
			buildActionMask = 2147483647;
			files = (
			);
			inputFileListPaths = (
			);
			inputPaths = (
				"${PODS_PODFILE_DIR_PATH}/Podfile.lock",
				"${PODS_ROOT}/Manifest.lock",
			);
			name = "[CP] Check Pods Manifest.lock";
			outputFileListPaths = (
			);
			outputPaths = (
				"$(DERIVED_FILE_DIR)/Pods-SpaceInvaders-checkManifestLockResult.txt",
			);
			runOnlyForDeploymentPostprocessing = 0;
			shellPath = /bin/sh;
			shellScript = "diff \"${PODS_PODFILE_DIR_PATH}/Podfile.lock\" \"${PODS_ROOT}/Manifest.lock\" > /dev/null\nif [ $? != 0 ] ; then\n    # print error to STDERR\n    echo \"error: The sandbox is not in sync with the Podfile.lock. Run 'pod install' or update your CocoaPods installation.\" >&2\n    exit 1\nfi\n# This output is used by Xcode 'outputs' to avoid re-running this script phase.\necho \"SUCCESS\" > \"${SCRIPT_OUTPUT_FILE_0}\"\n";
			showEnvVarsInLog = 0;
		};
/* End PBXShellScriptBuildPhase section */

/* Begin PBXSourcesBuildPhase section */
		47ABC67D25F0A3400004CC54 /* Sources */ = {
			isa = PBXSourcesBuildPhase;
			buildActionMask = 2147483647;
			files = (
				47A5EEF425FFB461002E9A90 /* GameViewController.swift in Sources */,
				47ABC68925F0A3410004CC54 /* StartPageViewController.swift in Sources */,
				47ABC68525F0A3400004CC54 /* AppDelegate.swift in Sources */,
				47ABC68725F0A3400004CC54 /* SceneDelegate.swift in Sources */,
				47A5EEF125FFB352002E9A90 /* UIView+RoundedCorners.swift in Sources */,
			);
			runOnlyForDeploymentPostprocessing = 0;
		};
/* End PBXSourcesBuildPhase section */

/* Begin PBXVariantGroup section */
		47ABC68F25F0A3450004CC54 /* LaunchScreen.storyboard */ = {
			isa = PBXVariantGroup;
			children = (
				47ABC69025F0A3450004CC54 /* Base */,
			);
			name = LaunchScreen.storyboard;
			sourceTree = "<group>";
		};
/* End PBXVariantGroup section */

/* Begin XCBuildConfiguration section */
		47ABC69325F0A3450004CC54 /* Debug */ = {
			isa = XCBuildConfiguration;
			buildSettings = {
				ALWAYS_SEARCH_USER_PATHS = NO;
				CLANG_ANALYZER_NONNULL = YES;
				CLANG_ANALYZER_NUMBER_OBJECT_CONVERSION = YES_AGGRESSIVE;
				CLANG_CXX_LANGUAGE_STANDARD = "gnu++14";
				CLANG_CXX_LIBRARY = "libc++";
				CLANG_ENABLE_MODULES = YES;
				CLANG_ENABLE_OBJC_ARC = YES;
				CLANG_ENABLE_OBJC_WEAK = YES;
				CLANG_WARN_BLOCK_CAPTURE_AUTORELEASING = YES;
				CLANG_WARN_BOOL_CONVERSION = YES;
				CLANG_WARN_COMMA = YES;
				CLANG_WARN_CONSTANT_CONVERSION = YES;
				CLANG_WARN_DEPRECATED_OBJC_IMPLEMENTATIONS = YES;
				CLANG_WARN_DIRECT_OBJC_ISA_USAGE = YES_ERROR;
				CLANG_WARN_DOCUMENTATION_COMMENTS = YES;
				CLANG_WARN_EMPTY_BODY = YES;
				CLANG_WARN_ENUM_CONVERSION = YES;
				CLANG_WARN_INFINITE_RECURSION = YES;
				CLANG_WARN_INT_CONVERSION = YES;
				CLANG_WARN_NON_LITERAL_NULL_CONVERSION = YES;
				CLANG_WARN_OBJC_IMPLICIT_RETAIN_SELF = YES;
				CLANG_WARN_OBJC_LITERAL_CONVERSION = YES;
				CLANG_WARN_OBJC_ROOT_CLASS = YES_ERROR;
				CLANG_WARN_QUOTED_INCLUDE_IN_FRAMEWORK_HEADER = YES;
				CLANG_WARN_RANGE_LOOP_ANALYSIS = YES;
				CLANG_WARN_STRICT_PROTOTYPES = YES;
				CLANG_WARN_SUSPICIOUS_MOVE = YES;
				CLANG_WARN_UNGUARDED_AVAILABILITY = YES_AGGRESSIVE;
				CLANG_WARN_UNREACHABLE_CODE = YES;
				CLANG_WARN__DUPLICATE_METHOD_MATCH = YES;
				COPY_PHASE_STRIP = NO;
				DEBUG_INFORMATION_FORMAT = dwarf;
				ENABLE_STRICT_OBJC_MSGSEND = YES;
				ENABLE_TESTABILITY = YES;
				GCC_C_LANGUAGE_STANDARD = gnu11;
				GCC_DYNAMIC_NO_PIC = NO;
				GCC_NO_COMMON_BLOCKS = YES;
				GCC_OPTIMIZATION_LEVEL = 0;
				GCC_PREPROCESSOR_DEFINITIONS = (
					"DEBUG=1",
					"$(inherited)",
				);
				GCC_WARN_64_TO_32_BIT_CONVERSION = YES;
				GCC_WARN_ABOUT_RETURN_TYPE = YES_ERROR;
				GCC_WARN_UNDECLARED_SELECTOR = YES;
				GCC_WARN_UNINITIALIZED_AUTOS = YES_AGGRESSIVE;
				GCC_WARN_UNUSED_FUNCTION = YES;
				GCC_WARN_UNUSED_VARIABLE = YES;
				IPHONEOS_DEPLOYMENT_TARGET = 14.4;
				MTL_ENABLE_DEBUG_INFO = INCLUDE_SOURCE;
				MTL_FAST_MATH = YES;
				ONLY_ACTIVE_ARCH = YES;
				SDKROOT = iphoneos;
				SWIFT_ACTIVE_COMPILATION_CONDITIONS = DEBUG;
				SWIFT_OPTIMIZATION_LEVEL = "-Onone";
			};
			name = Debug;
		};
		47ABC69425F0A3450004CC54 /* Release */ = {
			isa = XCBuildConfiguration;
			buildSettings = {
				ALWAYS_SEARCH_USER_PATHS = NO;
				CLANG_ANALYZER_NONNULL = YES;
				CLANG_ANALYZER_NUMBER_OBJECT_CONVERSION = YES_AGGRESSIVE;
				CLANG_CXX_LANGUAGE_STANDARD = "gnu++14";
				CLANG_CXX_LIBRARY = "libc++";
				CLANG_ENABLE_MODULES = YES;
				CLANG_ENABLE_OBJC_ARC = YES;
				CLANG_ENABLE_OBJC_WEAK = YES;
				CLANG_WARN_BLOCK_CAPTURE_AUTORELEASING = YES;
				CLANG_WARN_BOOL_CONVERSION = YES;
				CLANG_WARN_COMMA = YES;
				CLANG_WARN_CONSTANT_CONVERSION = YES;
				CLANG_WARN_DEPRECATED_OBJC_IMPLEMENTATIONS = YES;
				CLANG_WARN_DIRECT_OBJC_ISA_USAGE = YES_ERROR;
				CLANG_WARN_DOCUMENTATION_COMMENTS = YES;
				CLANG_WARN_EMPTY_BODY = YES;
				CLANG_WARN_ENUM_CONVERSION = YES;
				CLANG_WARN_INFINITE_RECURSION = YES;
				CLANG_WARN_INT_CONVERSION = YES;
				CLANG_WARN_NON_LITERAL_NULL_CONVERSION = YES;
				CLANG_WARN_OBJC_IMPLICIT_RETAIN_SELF = YES;
				CLANG_WARN_OBJC_LITERAL_CONVERSION = YES;
				CLANG_WARN_OBJC_ROOT_CLASS = YES_ERROR;
				CLANG_WARN_QUOTED_INCLUDE_IN_FRAMEWORK_HEADER = YES;
				CLANG_WARN_RANGE_LOOP_ANALYSIS = YES;
				CLANG_WARN_STRICT_PROTOTYPES = YES;
				CLANG_WARN_SUSPICIOUS_MOVE = YES;
				CLANG_WARN_UNGUARDED_AVAILABILITY = YES_AGGRESSIVE;
				CLANG_WARN_UNREACHABLE_CODE = YES;
				CLANG_WARN__DUPLICATE_METHOD_MATCH = YES;
				COPY_PHASE_STRIP = NO;
				DEBUG_INFORMATION_FORMAT = "dwarf-with-dsym";
				ENABLE_NS_ASSERTIONS = NO;
				ENABLE_STRICT_OBJC_MSGSEND = YES;
				GCC_C_LANGUAGE_STANDARD = gnu11;
				GCC_NO_COMMON_BLOCKS = YES;
				GCC_WARN_64_TO_32_BIT_CONVERSION = YES;
				GCC_WARN_ABOUT_RETURN_TYPE = YES_ERROR;
				GCC_WARN_UNDECLARED_SELECTOR = YES;
				GCC_WARN_UNINITIALIZED_AUTOS = YES_AGGRESSIVE;
				GCC_WARN_UNUSED_FUNCTION = YES;
				GCC_WARN_UNUSED_VARIABLE = YES;
				IPHONEOS_DEPLOYMENT_TARGET = 14.4;
				MTL_ENABLE_DEBUG_INFO = NO;
				MTL_FAST_MATH = YES;
				SDKROOT = iphoneos;
				SWIFT_COMPILATION_MODE = wholemodule;
				SWIFT_OPTIMIZATION_LEVEL = "-O";
				VALIDATE_PRODUCT = YES;
			};
			name = Release;
		};
		47ABC69625F0A3460004CC54 /* Debug */ = {
			isa = XCBuildConfiguration;
			baseConfigurationReference = 1CA861C10EA92A461297025E /* Pods-SpaceInvaders.debug.xcconfig */;
			buildSettings = {
				ASSETCATALOG_COMPILER_APPICON_NAME = AppIcon;
				ASSETCATALOG_COMPILER_GLOBAL_ACCENT_COLOR_NAME = AccentColor;
				CODE_SIGN_STYLE = Automatic;
				DEVELOPMENT_TEAM = "";
				INFOPLIST_FILE = SpaceInvaders/Info.plist;
				LD_RUNPATH_SEARCH_PATHS = (
					"$(inherited)",
					"@executable_path/Frameworks",
				);
				PRODUCT_BUNDLE_IDENTIFIER = SpaceInvaders;
				PRODUCT_NAME = "$(TARGET_NAME)";
				SWIFT_VERSION = 5.0;
				TARGETED_DEVICE_FAMILY = "1,2";
			};
			name = Debug;
		};
		47ABC69725F0A3460004CC54 /* Release */ = {
			isa = XCBuildConfiguration;
			baseConfigurationReference = 7074D78200A75B4BF24AE7B4 /* Pods-SpaceInvaders.release.xcconfig */;
			buildSettings = {
				ASSETCATALOG_COMPILER_APPICON_NAME = AppIcon;
				ASSETCATALOG_COMPILER_GLOBAL_ACCENT_COLOR_NAME = AccentColor;
				CODE_SIGN_STYLE = Automatic;
				DEVELOPMENT_TEAM = "";
				INFOPLIST_FILE = SpaceInvaders/Info.plist;
				LD_RUNPATH_SEARCH_PATHS = (
					"$(inherited)",
					"@executable_path/Frameworks",
				);
				PRODUCT_BUNDLE_IDENTIFIER = SpaceInvaders;
				PRODUCT_NAME = "$(TARGET_NAME)";
				SWIFT_VERSION = 5.0;
				TARGETED_DEVICE_FAMILY = "1,2";
			};
			name = Release;
		};
/* End XCBuildConfiguration section */

/* Begin XCConfigurationList section */
		47ABC67C25F0A3400004CC54 /* Build configuration list for PBXProject "SpaceInvaders" */ = {
			isa = XCConfigurationList;
			buildConfigurations = (
				47ABC69325F0A3450004CC54 /* Debug */,
				47ABC69425F0A3450004CC54 /* Release */,
			);
			defaultConfigurationIsVisible = 0;
			defaultConfigurationName = Release;
		};
		47ABC69525F0A3460004CC54 /* Build configuration list for PBXNativeTarget "SpaceInvaders" */ = {
			isa = XCConfigurationList;
			buildConfigurations = (
				47ABC69625F0A3460004CC54 /* Debug */,
				47ABC69725F0A3460004CC54 /* Release */,
			);
			defaultConfigurationIsVisible = 0;
			defaultConfigurationName = Release;
		};
/* End XCConfigurationList section */
	};
	rootObject = 47ABC67925F0A3400004CC54 /* Project object */;
}
